
Microsoft Visual Studio Solution File, Format Version 12.00
# Visual Studio Version 17
VisualStudioVersion = 17.5.33530.505
MinimumVisualStudioVersion = 10.0.40219.1
Project("{FAE04EC0-301F-11D3-BF4B-00C04F79EFBC}") = "п2_задание4", "п2_задание4.csproj", "{5544BA25-DB27-4A36-935B-2359C0F94597}"
EndProject
Global
	GlobalSection(SolutionConfigurationPlatforms) = preSolution
		Debug|Any CPU = Debug|Any CPU
		Release|Any CPU = Release|Any CPU
	EndGlobalSection
	GlobalSection(ProjectConfigurationPlatforms) = postSolution
		{5544BA25-DB27-4A36-935B-2359C0F94597}.Debug|Any CPU.ActiveCfg = Debug|Any CPU
		{5544BA25-DB27-4A36-935B-2359C0F94597}.Debug|Any CPU.Build.0 = Debug|Any CPU
		{5544BA25-DB27-4A36-935B-2359C0F94597}.Release|Any CPU.ActiveCfg = Release|Any CPU
		{5544BA25-DB27-4A36-935B-2359C0F94597}.Release|Any CPU.Build.0 = Release|Any CPU
	EndGlobalSection
	GlobalSection(SolutionProperties) = preSolution
		HideSolutionNode = FALSE
	EndGlobalSection
	GlobalSection(ExtensibilityGlobals) = postSolution
		SolutionGuid = {7C71E826-84E3-4DEA-B18D-877CDE51D693}
	EndGlobalSection
EndGlobal
