
Microsoft Visual Studio Solution File, Format Version 12.00
# Visual Studio Version 17
VisualStudioVersion = 17.5.33530.505
MinimumVisualStudioVersion = 10.0.40219.1
Project("{FAE04EC0-301F-11D3-BF4B-00C04F79EFBC}") = "п2 задание 2", "п2 задание 2.csproj", "{FC7DE3C8-AC24-4E36-9A4E-907D54C6877F}"
EndProject
Global
	GlobalSection(SolutionConfigurationPlatforms) = preSolution
		Debug|Any CPU = Debug|Any CPU
		Release|Any CPU = Release|Any CPU
	EndGlobalSection
	GlobalSection(ProjectConfigurationPlatforms) = postSolution
		{FC7DE3C8-AC24-4E36-9A4E-907D54C6877F}.Debug|Any CPU.ActiveCfg = Debug|Any CPU
		{FC7DE3C8-AC24-4E36-9A4E-907D54C6877F}.Debug|Any CPU.Build.0 = Debug|Any CPU
		{FC7DE3C8-AC24-4E36-9A4E-907D54C6877F}.Release|Any CPU.ActiveCfg = Release|Any CPU
		{FC7DE3C8-AC24-4E36-9A4E-907D54C6877F}.Release|Any CPU.Build.0 = Release|Any CPU
	EndGlobalSection
	GlobalSection(SolutionProperties) = preSolution
		HideSolutionNode = FALSE
	EndGlobalSection
	GlobalSection(ExtensibilityGlobals) = postSolution
		SolutionGuid = {16AD3A85-3E93-4DF3-9C89-1A8CEF1D9CE3}
	EndGlobalSection
EndGlobal
